
Microsoft Visual Studio Solution File, Format Version 12.00
# Visual Studio 15
Project("{FAE04EC0-301F-11D3-BF4B-00C04F79EFBC}") = "Assembly-CSharp", "Assembly-CSharp.csproj", "{6BAAF837-C190-44A7-AF7B-FE5B713A8400}"
EndProject
Project("{FAE04EC0-301F-11D3-BF4B-00C04F79EFBC}") = "Unity.UIElements.Samples", "Unity.UIElements.Samples.csproj", "{27AA83BB-9D21-38C7-D61E-F9FF0E67C3D7}"
EndProject
Project("{FAE04EC0-301F-11D3-BF4B-00C04F79EFBC}") = "Unity.UIElements.Samples.Editor", "Unity.UIElements.Samples.Editor.csproj", "{1EA22854-E47D-0688-0965-CA0E343FE4DE}"
EndProject
Global
	GlobalSection(SolutionConfigurationPlatforms) = preSolution
		Debug|Any CPU = Debug|Any CPU
		Release|Any CPU = Release|Any CPU
	EndGlobalSection
	GlobalSection(ProjectConfigurationPlatforms) = postSolution
		{6BAAF837-C190-44A7-AF7B-FE5B713A8400}.Debug|Any CPU.ActiveCfg = Debug|Any CPU
		{6BAAF837-C190-44A7-AF7B-FE5B713A8400}.Debug|Any CPU.Build.0 = Debug|Any CPU
		{6BAAF837-C190-44A7-AF7B-FE5B713A8400}.Release|Any CPU.ActiveCfg = Release|Any CPU
		{6BAAF837-C190-44A7-AF7B-FE5B713A8400}.Release|Any CPU.Build.0 = Release|Any CPU
		{27AA83BB-9D21-38C7-D61E-F9FF0E67C3D7}.Debug|Any CPU.ActiveCfg = Debug|Any CPU
		{27AA83BB-9D21-38C7-D61E-F9FF0E67C3D7}.Debug|Any CPU.Build.0 = Debug|Any CPU
		{27AA83BB-9D21-38C7-D61E-F9FF0E67C3D7}.Release|Any CPU.ActiveCfg = Release|Any CPU
		{27AA83BB-9D21-38C7-D61E-F9FF0E67C3D7}.Release|Any CPU.Build.0 = Release|Any CPU
		{1EA22854-E47D-0688-0965-CA0E343FE4DE}.Debug|Any CPU.ActiveCfg = Debug|Any CPU
		{1EA22854-E47D-0688-0965-CA0E343FE4DE}.Debug|Any CPU.Build.0 = Debug|Any CPU
		{1EA22854-E47D-0688-0965-CA0E343FE4DE}.Release|Any CPU.ActiveCfg = Release|Any CPU
		{1EA22854-E47D-0688-0965-CA0E343FE4DE}.Release|Any CPU.Build.0 = Release|Any CPU
	EndGlobalSection
	GlobalSection(SolutionProperties) = preSolution
		HideSolutionNode = FALSE
	EndGlobalSection
EndGlobal
